// !$*UTF8*$!
{
	archiveVersion = 1;
	classes = {
	};
	objectVersion = 46;
	objects = {

/* Begin PBXBuildFile section */
		D6F837DE1DCC1840005AE3A8 /* AppDelegate.swift in Sources */ = {isa = PBXBuildFile; fileRef = D6F837DD1DCC1840005AE3A8 /* AppDelegate.swift */; };
		D6F837E01DCC1840005AE3A8 /* ViewController.swift in Sources */ = {isa = PBXBuildFile; fileRef = D6F837DF1DCC1840005AE3A8 /* ViewController.swift */; };
		D6F837E31DCC1840005AE3A8 /* Main.storyboard in Resources */ = {isa = PBXBuildFile; fileRef = D6F837E11DCC1840005AE3A8 /* Main.storyboard */; };
		D6F837E51DCC1840005AE3A8 /* Assets.xcassets in Resources */ = {isa = PBXBuildFile; fileRef = D6F837E41DCC1840005AE3A8 /* Assets.xcassets */; };
		D6F837E81DCC1840005AE3A8 /* LaunchScreen.storyboard in Resources */ = {isa = PBXBuildFile; fileRef = D6F837E61DCC1840005AE3A8 /* LaunchScreen.storyboard */; };
		D6F837F31DCC1840005AE3A8 /* YKPageViewControllerTests.swift in Sources */ = {isa = PBXBuildFile; fileRef = D6F837F21DCC1840005AE3A8 /* YKPageViewControllerTests.swift */; };
		D6F837FE1DCC1840005AE3A8 /* YKPageViewControllerUITests.swift in Sources */ = {isa = PBXBuildFile; fileRef = D6F837FD1DCC1840005AE3A8 /* YKPageViewControllerUITests.swift */; };
/* End PBXBuildFile section */

/* Begin PBXContainerItemProxy section */
		D6F837EF1DCC1840005AE3A8 /* PBXContainerItemProxy */ = {
			isa = PBXContainerItemProxy;
			containerPortal = D6F837D21DCC1840005AE3A8 /* Project object */;
			proxyType = 1;
			remoteGlobalIDString = D6F837D91DCC1840005AE3A8;
			remoteInfo = YKPageViewController;
		};
		D6F837FA1DCC1840005AE3A8 /* PBXContainerItemProxy */ = {
			isa = PBXContainerItemProxy;
			containerPortal = D6F837D21DCC1840005AE3A8 /* Project object */;
			proxyType = 1;
			remoteGlobalIDString = D6F837D91DCC1840005AE3A8;
			remoteInfo = YKPageViewController;
		};
/* End PBXContainerItemProxy section */

/* Begin PBXFileReference section */
		D6F837DA1DCC1840005AE3A8 /* YKPageViewController.app */ = {isa = PBXFileReference; explicitFileType = wrapper.application; includeInIndex = 0; path = YKPageViewController.app; sourceTree = BUILT_PRODUCTS_DIR; };
		D6F837DD1DCC1840005AE3A8 /* AppDelegate.swift */ = {isa = PBXFileReference; lastKnownFileType = sourcecode.swift; path = AppDelegate.swift; sourceTree = "<group>"; };
		D6F837DF1DCC1840005AE3A8 /* ViewController.swift */ = {isa = PBXFileReference; lastKnownFileType = sourcecode.swift; path = ViewController.swift; sourceTree = "<group>"; };
		D6F837E21DCC1840005AE3A8 /* Base */ = {isa = PBXFileReference; lastKnownFileType = file.storyboard; name = Base; path = Base.lproj/Main.storyboard; sourceTree = "<group>"; };
		D6F837E41DCC1840005AE3A8 /* Assets.xcassets */ = {isa = PBXFileReference; lastKnownFileType = folder.assetcatalog; path = Assets.xcassets; sourceTree = "<group>"; };
		D6F837E71DCC1840005AE3A8 /* Base */ = {isa = PBXFileReference; lastKnownFileType = file.storyboard; name = Base; path = Base.lproj/LaunchScreen.storyboard; sourceTree = "<group>"; };
		D6F837E91DCC1840005AE3A8 /* Info.plist */ = {isa = PBXFileReference; lastKnownFileType = text.plist.xml; path = Info.plist; sourceTree = "<group>"; };
		D6F837EE1DCC1840005AE3A8 /* YKPageViewControllerTests.xctest */ = {isa = PBXFileReference; explicitFileType = wrapper.cfbundle; includeInIndex = 0; path = YKPageViewControllerTests.xctest; sourceTree = BUILT_PRODUCTS_DIR; };
		D6F837F21DCC1840005AE3A8 /* YKPageViewControllerTests.swift */ = {isa = PBXFileReference; lastKnownFileType = sourcecode.swift; path = YKPageViewControllerTests.swift; sourceTree = "<group>"; };
		D6F837F41DCC1840005AE3A8 /* Info.plist */ = {isa = PBXFileReference; lastKnownFileType = text.plist.xml; path = Info.plist; sourceTree = "<group>"; };
		D6F837F91DCC1840005AE3A8 /* YKPageViewControllerUITests.xctest */ = {isa = PBXFileReference; explicitFileType = wrapper.cfbundle; includeInIndex = 0; path = YKPageViewControllerUITests.xctest; sourceTree = BUILT_PRODUCTS_DIR; };
		D6F837FD1DCC1840005AE3A8 /* YKPageViewControllerUITests.swift */ = {isa = PBXFileReference; lastKnownFileType = sourcecode.swift; path = YKPageViewControllerUITests.swift; sourceTree = "<group>"; };
		D6F837FF1DCC1840005AE3A8 /* Info.plist */ = {isa = PBXFileReference; lastKnownFileType = text.plist.xml; path = Info.plist; sourceTree = "<group>"; };
/* End PBXFileReference section */

/* Begin PBXFrameworksBuildPhase section */
		D6F837D71DCC1840005AE3A8 /* Frameworks */ = {
			isa = PBXFrameworksBuildPhase;
			buildActionMask = 2147483647;
			files = (
			);
			runOnlyForDeploymentPostprocessing = 0;
		};
		D6F837EB1DCC1840005AE3A8 /* Frameworks */ = {
			isa = PBXFrameworksBuildPhase;
			buildActionMask = 2147483647;
			files = (
			);
			runOnlyForDeploymentPostprocessing = 0;
		};
		D6F837F61DCC1840005AE3A8 /* Frameworks */ = {
			isa = PBXFrameworksBuildPhase;
			buildActionMask = 2147483647;
			files = (
			);
			runOnlyForDeploymentPostprocessing = 0;
		};
/* End PBXFrameworksBuildPhase section */

/* Begin PBXGroup section */
		D6F837D11DCC1840005AE3A8 = {
			isa = PBXGroup;
			children = (
				D6F837DC1DCC1840005AE3A8 /* YKPageViewController */,
				D6F837F11DCC1840005AE3A8 /* YKPageViewControllerTests */,
				D6F837FC1DCC1840005AE3A8 /* YKPageViewControllerUITests */,
				D6F837DB1DCC1840005AE3A8 /* Products */,
			);
			sourceTree = "<group>";
		};
		D6F837DB1DCC1840005AE3A8 /* Products */ = {
			isa = PBXGroup;
			children = (
				D6F837DA1DCC1840005AE3A8 /* YKPageViewController.app */,
				D6F837EE1DCC1840005AE3A8 /* YKPageViewControllerTests.xctest */,
				D6F837F91DCC1840005AE3A8 /* YKPageViewControllerUITests.xctest */,
			);
			name = Products;
			sourceTree = "<group>";
		};
		D6F837DC1DCC1840005AE3A8 /* YKPageViewController */ = {
			isa = PBXGroup;
			children = (
				D6F837DD1DCC1840005AE3A8 /* AppDelegate.swift */,
				D6F837DF1DCC1840005AE3A8 /* ViewController.swift */,
				D6F837E11DCC1840005AE3A8 /* Main.storyboard */,
				D6F837E41DCC1840005AE3A8 /* Assets.xcassets */,
				D6F837E61DCC1840005AE3A8 /* LaunchScreen.storyboard */,
				D6F837E91DCC1840005AE3A8 /* Info.plist */,
			);
			path = YKPageViewController;
			sourceTree = "<group>";
		};
		D6F837F11DCC1840005AE3A8 /* YKPageViewControllerTests */ = {
			isa = PBXGroup;
			children = (
				D6F837F21DCC1840005AE3A8 /* YKPageViewControllerTests.swift */,
				D6F837F41DCC1840005AE3A8 /* Info.plist */,
			);
			path = YKPageViewControllerTests;
			sourceTree = "<group>";
		};
		D6F837FC1DCC1840005AE3A8 /* YKPageViewControllerUITests */ = {
			isa = PBXGroup;
			children = (
				D6F837FD1DCC1840005AE3A8 /* YKPageViewControllerUITests.swift */,
				D6F837FF1DCC1840005AE3A8 /* Info.plist */,
			);
			path = YKPageViewControllerUITests;
			sourceTree = "<group>";
		};
/* End PBXGroup section */

/* Begin PBXNativeTarget section */
		D6F837D91DCC1840005AE3A8 /* YKPageViewController */ = {
			isa = PBXNativeTarget;
			buildConfigurationList = D6F838021DCC1840005AE3A8 /* Build configuration list for PBXNativeTarget "YKPageViewController" */;
			buildPhases = (
				D6F837D61DCC1840005AE3A8 /* Sources */,
				D6F837D71DCC1840005AE3A8 /* Frameworks */,
				D6F837D81DCC1840005AE3A8 /* Resources */,
			);
			buildRules = (
			);
			dependencies = (
			);
			name = YKPageViewController;
			productName = YKPageViewController;
			productReference = D6F837DA1DCC1840005AE3A8 /* YKPageViewController.app */;
			productType = "com.apple.product-type.application";
		};
		D6F837ED1DCC1840005AE3A8 /* YKPageViewControllerTests */ = {
			isa = PBXNativeTarget;
			buildConfigurationList = D6F838051DCC1840005AE3A8 /* Build configuration list for PBXNativeTarget "YKPageViewControllerTests" */;
			buildPhases = (
				D6F837EA1DCC1840005AE3A8 /* Sources */,
				D6F837EB1DCC1840005AE3A8 /* Frameworks */,
				D6F837EC1DCC1840005AE3A8 /* Resources */,
			);
			buildRules = (
			);
			dependencies = (
				D6F837F01DCC1840005AE3A8 /* PBXTargetDependency */,
			);
			name = YKPageViewControllerTests;
			productName = YKPageViewControllerTests;
			productReference = D6F837EE1DCC1840005AE3A8 /* YKPageViewControllerTests.xctest */;
			productType = "com.apple.product-type.bundle.unit-test";
		};
		D6F837F81DCC1840005AE3A8 /* YKPageViewControllerUITests */ = {
			isa = PBXNativeTarget;
			buildConfigurationList = D6F838081DCC1840005AE3A8 /* Build configuration list for PBXNativeTarget "YKPageViewControllerUITests" */;
			buildPhases = (
				D6F837F51DCC1840005AE3A8 /* Sources */,
				D6F837F61DCC1840005AE3A8 /* Frameworks */,
				D6F837F71DCC1840005AE3A8 /* Resources */,
			);
			buildRules = (
			);
			dependencies = (
				D6F837FB1DCC1840005AE3A8 /* PBXTargetDependency */,
			);
			name = YKPageViewControllerUITests;
			productName = YKPageViewControllerUITests;
			productReference = D6F837F91DCC1840005AE3A8 /* YKPageViewControllerUITests.xctest */;
			productType = "com.apple.product-type.bundle.ui-testing";
		};
/* End PBXNativeTarget section */

/* Begin PBXProject section */
		D6F837D21DCC1840005AE3A8 /* Project object */ = {
			isa = PBXProject;
			attributes = {
				LastSwiftUpdateCheck = 0800;
				LastUpgradeCheck = 0800;
				ORGANIZATIONNAME = "Yuta Kawabe";
				TargetAttributes = {
					D6F837D91DCC1840005AE3A8 = {
						CreatedOnToolsVersion = 8.0;
						DevelopmentTeam = X5EF57U232;
						ProvisioningStyle = Automatic;
					};
					D6F837ED1DCC1840005AE3A8 = {
						CreatedOnToolsVersion = 8.0;
						DevelopmentTeam = X5EF57U232;
						ProvisioningStyle = Automatic;
						TestTargetID = D6F837D91DCC1840005AE3A8;
					};
					D6F837F81DCC1840005AE3A8 = {
						CreatedOnToolsVersion = 8.0;
						DevelopmentTeam = X5EF57U232;
						ProvisioningStyle = Automatic;
						TestTargetID = D6F837D91DCC1840005AE3A8;
					};
				};
			};
			buildConfigurationList = D6F837D51DCC1840005AE3A8 /* Build configuration list for PBXProject "YKPageViewController" */;
			compatibilityVersion = "Xcode 3.2";
			developmentRegion = English;
			hasScannedForEncodings = 0;
			knownRegions = (
				en,
				Base,
			);
			mainGroup = D6F837D11DCC1840005AE3A8;
			productRefGroup = D6F837DB1DCC1840005AE3A8 /* Products */;
			projectDirPath = "";
			projectRoot = "";
			targets = (
				D6F837D91DCC1840005AE3A8 /* YKPageViewController */,
				D6F837ED1DCC1840005AE3A8 /* YKPageViewControllerTests */,
				D6F837F81DCC1840005AE3A8 /* YKPageViewControllerUITests */,
			);
		};
/* End PBXProject section */

/* Begin PBXResourcesBuildPhase section */
		D6F837D81DCC1840005AE3A8 /* Resources */ = {
			isa = PBXResourcesBuildPhase;
			buildActionMask = 2147483647;
			files = (
				D6F837E81DCC1840005AE3A8 /* LaunchScreen.storyboard in Resources */,
				D6F837E51DCC1840005AE3A8 /* Assets.xcassets in Resources */,
				D6F837E31DCC1840005AE3A8 /* Main.storyboard in Resources */,
			);
			runOnlyForDeploymentPostprocessing = 0;
		};
		D6F837EC1DCC1840005AE3A8 /* Resources */ = {
			isa = PBXResourcesBuildPhase;
			buildActionMask = 2147483647;
			files = (
			);
			runOnlyForDeploymentPostprocessing = 0;
		};
		D6F837F71DCC1840005AE3A8 /* Resources */ = {
			isa = PBXResourcesBuildPhase;
			buildActionMask = 2147483647;
			files = (
			);
			runOnlyForDeploymentPostprocessing = 0;
		};
/* End PBXResourcesBuildPhase section */

/* Begin PBXSourcesBuildPhase section */
		D6F837D61DCC1840005AE3A8 /* Sources */ = {
			isa = PBXSourcesBuildPhase;
			buildActionMask = 2147483647;
			files = (
				D6F837E01DCC1840005AE3A8 /* ViewController.swift in Sources */,
				D6F837DE1DCC1840005AE3A8 /* AppDelegate.swift in Sources */,
			);
			runOnlyForDeploymentPostprocessing = 0;
		};
		D6F837EA1DCC1840005AE3A8 /* Sources */ = {
			isa = PBXSourcesBuildPhase;
			buildActionMask = 2147483647;
			files = (
				D6F837F31DCC1840005AE3A8 /* YKPageViewControllerTests.swift in Sources */,
			);
			runOnlyForDeploymentPostprocessing = 0;
		};
		D6F837F51DCC1840005AE3A8 /* Sources */ = {
			isa = PBXSourcesBuildPhase;
			buildActionMask = 2147483647;
			files = (
				D6F837FE1DCC1840005AE3A8 /* YKPageViewControllerUITests.swift in Sources */,
			);
			runOnlyForDeploymentPostprocessing = 0;
		};
/* End PBXSourcesBuildPhase section */

/* Begin PBXTargetDependency section */
		D6F837F01DCC1840005AE3A8 /* PBXTargetDependency */ = {
			isa = PBXTargetDependency;
			target = D6F837D91DCC1840005AE3A8 /* YKPageViewController */;
			targetProxy = D6F837EF1DCC1840005AE3A8 /* PBXContainerItemProxy */;
		};
		D6F837FB1DCC1840005AE3A8 /* PBXTargetDependency */ = {
			isa = PBXTargetDependency;
			target = D6F837D91DCC1840005AE3A8 /* YKPageViewController */;
			targetProxy = D6F837FA1DCC1840005AE3A8 /* PBXContainerItemProxy */;
		};
/* End PBXTargetDependency section */

/* Begin PBXVariantGroup section */
		D6F837E11DCC1840005AE3A8 /* Main.storyboard */ = {
			isa = PBXVariantGroup;
			children = (
				D6F837E21DCC1840005AE3A8 /* Base */,
			);
			name = Main.storyboard;
			sourceTree = "<group>";
		};
		D6F837E61DCC1840005AE3A8 /* LaunchScreen.storyboard */ = {
			isa = PBXVariantGroup;
			children = (
				D6F837E71DCC1840005AE3A8 /* Base */,
			);
			name = LaunchScreen.storyboard;
			sourceTree = "<group>";
		};
/* End PBXVariantGroup section */

/* Begin XCBuildConfiguration section */
		D6F838001DCC1840005AE3A8 /* Debug */ = {
			isa = XCBuildConfiguration;
			buildSettings = {
				ALWAYS_SEARCH_USER_PATHS = NO;
				CLANG_ANALYZER_NONNULL = YES;
				CLANG_CXX_LANGUAGE_STANDARD = "gnu++0x";
				CLANG_CXX_LIBRARY = "libc++";
				CLANG_ENABLE_MODULES = YES;
				CLANG_ENABLE_OBJC_ARC = YES;
				CLANG_WARN_BOOL_CONVERSION = YES;
				CLANG_WARN_CONSTANT_CONVERSION = YES;
				CLANG_WARN_DIRECT_OBJC_ISA_USAGE = YES_ERROR;
				CLANG_WARN_DOCUMENTATION_COMMENTS = YES;
				CLANG_WARN_EMPTY_BODY = YES;
				CLANG_WARN_ENUM_CONVERSION = YES;
				CLANG_WARN_INFINITE_RECURSION = YES;
				CLANG_WARN_INT_CONVERSION = YES;
				CLANG_WARN_OBJC_ROOT_CLASS = YES_ERROR;
				CLANG_WARN_SUSPICIOUS_MOVES = YES;
				CLANG_WARN_UNREACHABLE_CODE = YES;
				CLANG_WARN__DUPLICATE_METHOD_MATCH = YES;
				"CODE_SIGN_IDENTITY[sdk=iphoneos*]" = "iPhone Developer";
				COPY_PHASE_STRIP = NO;
				DEBUG_INFORMATION_FORMAT = dwarf;
				ENABLE_STRICT_OBJC_MSGSEND = YES;
				ENABLE_TESTABILITY = YES;
				GCC_C_LANGUAGE_STANDARD = gnu99;
				GCC_DYNAMIC_NO_PIC = NO;
				GCC_NO_COMMON_BLOCKS = YES;
				GCC_OPTIMIZATION_LEVEL = 0;
				GCC_PREPROCESSOR_DEFINITIONS = (
					"DEBUG=1",
					"$(inherited)",
				);
				GCC_WARN_64_TO_32_BIT_CONVERSION = YES;
				GCC_WARN_ABOUT_RETURN_TYPE = YES_ERROR;
				GCC_WARN_UNDECLARED_SELECTOR = YES;
				GCC_WARN_UNINITIALIZED_AUTOS = YES_AGGRESSIVE;
				GCC_WARN_UNUSED_FUNCTION = YES;
				GCC_WARN_UNUSED_VARIABLE = YES;
				IPHONEOS_DEPLOYMENT_TARGET = 10.0;
				MTL_ENABLE_DEBUG_INFO = YES;
				ONLY_ACTIVE_ARCH = YES;
				SDKROOT = iphoneos;
				SWIFT_ACTIVE_COMPILATION_CONDITIONS = DEBUG;
				SWIFT_OPTIMIZATION_LEVEL = "-Onone";
			};
			name = Debug;
		};
		D6F838011DCC1840005AE3A8 /* Release */ = {
			isa = XCBuildConfiguration;
			buildSettings = {
				ALWAYS_SEARCH_USER_PATHS = NO;
				CLANG_ANALYZER_NONNULL = YES;
				CLANG_CXX_LANGUAGE_STANDARD = "gnu++0x";
				CLANG_CXX_LIBRARY = "libc++";
				CLANG_ENABLE_MODULES = YES;
				CLANG_ENABLE_OBJC_ARC = YES;
				CLANG_WARN_BOOL_CONVERSION = YES;
				CLANG_WARN_CONSTANT_CONVERSION = YES;
				CLANG_WARN_DIRECT_OBJC_ISA_USAGE = YES_ERROR;
				CLANG_WARN_DOCUMENTATION_COMMENTS = YES;
				CLANG_WARN_EMPTY_BODY = YES;
				CLANG_WARN_ENUM_CONVERSION = YES;
				CLANG_WARN_INFINITE_RECURSION = YES;
				CLANG_WARN_INT_CONVERSION = YES;
				CLANG_WARN_OBJC_ROOT_CLASS = YES_ERROR;
				CLANG_WARN_SUSPICIOUS_MOVES = YES;
				CLANG_WARN_UNREACHABLE_CODE = YES;
				CLANG_WARN__DUPLICATE_METHOD_MATCH = YES;
				"CODE_SIGN_IDENTITY[sdk=iphoneos*]" = "iPhone Developer";
				COPY_PHASE_STRIP = NO;
				DEBUG_INFORMATION_FORMAT = "dwarf-with-dsym";
				ENABLE_NS_ASSERTIONS = NO;
				ENABLE_STRICT_OBJC_MSGSEND = YES;
				GCC_C_LANGUAGE_STANDARD = gnu99;
				GCC_NO_COMMON_BLOCKS = YES;
				GCC_WARN_64_TO_32_BIT_CONVERSION = YES;
				GCC_WARN_ABOUT_RETURN_TYPE = YES_ERROR;
				GCC_WARN_UNDECLARED_SELECTOR = YES;
				GCC_WARN_UNINITIALIZED_AUTOS = YES_AGGRESSIVE;
				GCC_WARN_UNUSED_FUNCTION = YES;
				GCC_WARN_UNUSED_VARIABLE = YES;
				IPHONEOS_DEPLOYMENT_TARGET = 10.0;
				MTL_ENABLE_DEBUG_INFO = NO;
				SDKROOT = iphoneos;
				SWIFT_OPTIMIZATION_LEVEL = "-Owholemodule";
				VALIDATE_PRODUCT = YES;
			};
			name = Release;
		};
		D6F838031DCC1840005AE3A8 /* Debug */ = {
			isa = XCBuildConfiguration;
			buildSettings = {
				ASSETCATALOG_COMPILER_APPICON_NAME = AppIcon;
				DEVELOPMENT_TEAM = X5EF57U232;
				INFOPLIST_FILE = YKPageViewController/Info.plist;
				LD_RUNPATH_SEARCH_PATHS = "$(inherited) @executable_path/Frameworks";
				PRODUCT_BUNDLE_IDENTIFIER = "Yuta-Kawabe.YKPageViewController";
				PRODUCT_NAME = "$(TARGET_NAME)";
				SWIFT_VERSION = 3.0;
			};
			name = Debug;
		};
		D6F838041DCC1840005AE3A8 /* Release */ = {
			isa = XCBuildConfiguration;
			buildSettings = {
				ASSETCATALOG_COMPILER_APPICON_NAME = AppIcon;
				DEVELOPMENT_TEAM = X5EF57U232;
				INFOPLIST_FILE = YKPageViewController/Info.plist;
				LD_RUNPATH_SEARCH_PATHS = "$(inherited) @executable_path/Frameworks";
				PRODUCT_BUNDLE_IDENTIFIER = "Yuta-Kawabe.YKPageViewController";
				PRODUCT_NAME = "$(TARGET_NAME)";
				SWIFT_VERSION = 3.0;
			};
			name = Release;
		};
		D6F838061DCC1840005AE3A8 /* Debug */ = {
			isa = XCBuildConfiguration;
			buildSettings = {
				ALWAYS_EMBED_SWIFT_STANDARD_LIBRARIES = YES;
				BUNDLE_LOADER = "$(TEST_HOST)";
				DEVELOPMENT_TEAM = X5EF57U232;
				INFOPLIST_FILE = YKPageViewControllerTests/Info.plist;
				LD_RUNPATH_SEARCH_PATHS = "$(inherited) @executable_path/Frameworks @loader_path/Frameworks";
				PRODUCT_BUNDLE_IDENTIFIER = "Yuta-Kawabe.YKPageViewControllerTests";
				PRODUCT_NAME = "$(TARGET_NAME)";
				SWIFT_VERSION = 3.0;
				TEST_HOST = "$(BUILT_PRODUCTS_DIR)/YKPageViewController.app/YKPageViewController";
			};
			name = Debug;
		};
		D6F838071DCC1840005AE3A8 /* Release */ = {
			isa = XCBuildConfiguration;
			buildSettings = {
				ALWAYS_EMBED_SWIFT_STANDARD_LIBRARIES = YES;
				BUNDLE_LOADER = "$(TEST_HOST)";
				DEVELOPMENT_TEAM = X5EF57U232;
				INFOPLIST_FILE = YKPageViewControllerTests/Info.plist;
				LD_RUNPATH_SEARCH_PATHS = "$(inherited) @executable_path/Frameworks @loader_path/Frameworks";
				PRODUCT_BUNDLE_IDENTIFIER = "Yuta-Kawabe.YKPageViewControllerTests";
				PRODUCT_NAME = "$(TARGET_NAME)";
				SWIFT_VERSION = 3.0;
				TEST_HOST = "$(BUILT_PRODUCTS_DIR)/YKPageViewController.app/YKPageViewController";
			};
			name = Release;
		};
		D6F838091DCC1840005AE3A8 /* Debug */ = {
			isa = XCBuildConfiguration;
			buildSettings = {
				ALWAYS_EMBED_SWIFT_STANDARD_LIBRARIES = YES;
				DEVELOPMENT_TEAM = X5EF57U232;
				INFOPLIST_FILE = YKPageViewControllerUITests/Info.plist;
				LD_RUNPATH_SEARCH_PATHS = "$(inherited) @executable_path/Frameworks @loader_path/Frameworks";
				PRODUCT_BUNDLE_IDENTIFIER = "Yuta-Kawabe.YKPageViewControllerUITests";
				PRODUCT_NAME = "$(TARGET_NAME)";
				SWIFT_VERSION = 3.0;
				TEST_TARGET_NAME = YKPageViewController;
			};
			name = Debug;
		};
		D6F8380A1DCC1840005AE3A8 /* Release */ = {
			isa = XCBuildConfiguration;
			buildSettings = {
				ALWAYS_EMBED_SWIFT_STANDARD_LIBRARIES = YES;
				DEVELOPMENT_TEAM = X5EF57U232;
				INFOPLIST_FILE = YKPageViewControllerUITests/Info.plist;
				LD_RUNPATH_SEARCH_PATHS = "$(inherited) @executable_path/Frameworks @loader_path/Frameworks";
				PRODUCT_BUNDLE_IDENTIFIER = "Yuta-Kawabe.YKPageViewControllerUITests";
				PRODUCT_NAME = "$(TARGET_NAME)";
				SWIFT_VERSION = 3.0;
				TEST_TARGET_NAME = YKPageViewController;
			};
			name = Release;
		};
/* End XCBuildConfiguration section */

/* Begin XCConfigurationList section */
		D6F837D51DCC1840005AE3A8 /* Build configuration list for PBXProject "YKPageViewController" */ = {
			isa = XCConfigurationList;
			buildConfigurations = (
				D6F838001DCC1840005AE3A8 /* Debug */,
				D6F838011DCC1840005AE3A8 /* Release */,
			);
			defaultConfigurationIsVisible = 0;
			defaultConfigurationName = Release;
		};
		D6F838021DCC1840005AE3A8 /* Build configuration list for PBXNativeTarget "YKPageViewController" */ = {
			isa = XCConfigurationList;
			buildConfigurations = (
				D6F838031DCC1840005AE3A8 /* Debug */,
				D6F838041DCC1840005AE3A8 /* Release */,
			);
			defaultConfigurationIsVisible = 0;
		};
		D6F838051DCC1840005AE3A8 /* Build configuration list for PBXNativeTarget "YKPageViewControllerTests" */ = {
			isa = XCConfigurationList;
			buildConfigurations = (
				D6F838061DCC1840005AE3A8 /* Debug */,
				D6F838071DCC1840005AE3A8 /* Release */,
			);
			defaultConfigurationIsVisible = 0;
		};
		D6F838081DCC1840005AE3A8 /* Build configuration list for PBXNativeTarget "YKPageViewControllerUITests" */ = {
			isa = XCConfigurationList;
			buildConfigurations = (
				D6F838091DCC1840005AE3A8 /* Debug */,
				D6F8380A1DCC1840005AE3A8 /* Release */,
			);
			defaultConfigurationIsVisible = 0;
		};
/* End XCConfigurationList section */
	};
	rootObject = D6F837D21DCC1840005AE3A8 /* Project object */;
}
